# This file is automatically @generated by Cargo.
# It is not intended for manual editing.
version = 3

[[package]]
name = "flame-executor-manager"
version = "0.1.0"

[[package]]
name = "flame-session-manager"
version = "0.1.0"

[[package]]
name = "flmctl"
version = "0.1.0"

[[package]]
name = "rpc"
version = "0.1.0"
